
Microsoft Visual Studio Solution File, Format Version 12.00
# Visual Studio Version 16
VisualStudioVersion = 16.0.30002.166
MinimumVisualStudioVersion = 10.0.40219.1
Project("{FAE04EC0-301F-11D3-BF4B-00C04F79EFBC}") = "TradeProject", "TradeProject\TradeProject.csproj", "{E835CF02-1644-4641-A7F7-40C646275726}"
EndProject
Project("{FAE04EC0-301F-11D3-BF4B-00C04F79EFBC}") = "TradeProject.Lib", "TradeProject.Lib\TradeProject.Lib.csproj", "{25918895-F763-40C3-94A1-3E48C42FE3F1}"
EndProject
Project("{FAE04EC0-301F-11D3-BF4B-00C04F79EFBC}") = "TradeProject.Lib.Unit.Tests", "TradeProject.Lib.Unit.Tests\TradeProject.Lib.Unit.Tests.csproj", "{627FA09F-B855-450F-8515-2AA388CD18BB}"
EndProject
Project("{FAE04EC0-301F-11D3-BF4B-00C04F79EFBC}") = "TradeProject.Lib.Integration.Tests", "TradeProject.Lib.Integration.Tests\TradeProject.Lib.Integration.Tests.csproj", "{E4FC92CE-CF87-494B-B18E-2E93C67E68AA}"
EndProject
Global
	GlobalSection(SolutionConfigurationPlatforms) = preSolution
		Debug|Any CPU = Debug|Any CPU
		Release|Any CPU = Release|Any CPU
	EndGlobalSection
	GlobalSection(ProjectConfigurationPlatforms) = postSolution
		{E835CF02-1644-4641-A7F7-40C646275726}.Debug|Any CPU.ActiveCfg = Debug|Any CPU
		{E835CF02-1644-4641-A7F7-40C646275726}.Debug|Any CPU.Build.0 = Debug|Any CPU
		{E835CF02-1644-4641-A7F7-40C646275726}.Release|Any CPU.ActiveCfg = Release|Any CPU
		{E835CF02-1644-4641-A7F7-40C646275726}.Release|Any CPU.Build.0 = Release|Any CPU
		{25918895-F763-40C3-94A1-3E48C42FE3F1}.Debug|Any CPU.ActiveCfg = Debug|Any CPU
		{25918895-F763-40C3-94A1-3E48C42FE3F1}.Debug|Any CPU.Build.0 = Debug|Any CPU
		{25918895-F763-40C3-94A1-3E48C42FE3F1}.Release|Any CPU.ActiveCfg = Release|Any CPU
		{25918895-F763-40C3-94A1-3E48C42FE3F1}.Release|Any CPU.Build.0 = Release|Any CPU
		{627FA09F-B855-450F-8515-2AA388CD18BB}.Debug|Any CPU.ActiveCfg = Debug|Any CPU
		{627FA09F-B855-450F-8515-2AA388CD18BB}.Debug|Any CPU.Build.0 = Debug|Any CPU
		{627FA09F-B855-450F-8515-2AA388CD18BB}.Release|Any CPU.ActiveCfg = Release|Any CPU
		{627FA09F-B855-450F-8515-2AA388CD18BB}.Release|Any CPU.Build.0 = Release|Any CPU
		{E4FC92CE-CF87-494B-B18E-2E93C67E68AA}.Debug|Any CPU.ActiveCfg = Debug|Any CPU
		{E4FC92CE-CF87-494B-B18E-2E93C67E68AA}.Debug|Any CPU.Build.0 = Debug|Any CPU
		{E4FC92CE-CF87-494B-B18E-2E93C67E68AA}.Release|Any CPU.ActiveCfg = Release|Any CPU
		{E4FC92CE-CF87-494B-B18E-2E93C67E68AA}.Release|Any CPU.Build.0 = Release|Any CPU
	EndGlobalSection
	GlobalSection(SolutionProperties) = preSolution
		HideSolutionNode = FALSE
	EndGlobalSection
	GlobalSection(ExtensibilityGlobals) = postSolution
		SolutionGuid = {E02A0F4A-938A-49CB-AA0C-954F8F45D9BF}
	EndGlobalSection
EndGlobal
